
Microsoft Visual Studio Solution File, Format Version 12.00
# Visual Studio Version 17
VisualStudioVersion = 17.3.32929.385
MinimumVisualStudioVersion = 10.0.40219.1
Project("{D954291E-2A0B-460D-934E-DC6B0785DB48}") = "MemoryMatchingGame.Shared", "MemoryMatchingGame\MemoryMatchingGame.Shared\MemoryMatchingGame.Shared.shproj", "{6279C845-92F8-4333-AB99-3D213163593C}"
EndProject
Project("{2150E333-8FDC-42A3-9474-1A3956D46DE8}") = "Platforms", "Platforms", "{AA72F2A4-718A-471B-B748-33165E8293A5}"
EndProject
Project("{FAE04EC0-301F-11D3-BF4B-00C04F79EFBC}") = "MemoryMatchingGame.Wasm", "MemoryMatchingGame\MemoryMatchingGame.Wasm\MemoryMatchingGame.Wasm.csproj", "{DA80AB79-2E86-4B33-ABE5-4727467DFE17}"
EndProject
Global
	GlobalSection(SolutionConfigurationPlatforms) = preSolution
		Debug|Any CPU = Debug|Any CPU
		Release|Any CPU = Release|Any CPU
	EndGlobalSection
	GlobalSection(ProjectConfigurationPlatforms) = postSolution
		{DA80AB79-2E86-4B33-ABE5-4727467DFE17}.Debug|Any CPU.ActiveCfg = Debug|Any CPU
		{DA80AB79-2E86-4B33-ABE5-4727467DFE17}.Debug|Any CPU.Build.0 = Debug|Any CPU
		{DA80AB79-2E86-4B33-ABE5-4727467DFE17}.Release|Any CPU.ActiveCfg = Release|Any CPU
		{DA80AB79-2E86-4B33-ABE5-4727467DFE17}.Release|Any CPU.Build.0 = Release|Any CPU
	EndGlobalSection
	GlobalSection(SolutionProperties) = preSolution
		HideSolutionNode = FALSE
	EndGlobalSection
	GlobalSection(NestedProjects) = preSolution
		{DA80AB79-2E86-4B33-ABE5-4727467DFE17} = {AA72F2A4-718A-471B-B748-33165E8293A5}
	EndGlobalSection
	GlobalSection(ExtensibilityGlobals) = postSolution
		SolutionGuid = {02563C42-A3C5-4466-8A49-420A948FC370}
	EndGlobalSection
	GlobalSection(SharedMSBuildProjectFiles) = preSolution
		MemoryMatchingGame\MemoryMatchingGame.Shared\MemoryMatchingGame.Shared.projitems*{6279c845-92f8-4333-ab99-3d213163593c}*SharedItemsImports = 13
		MemoryMatchingGame\MemoryMatchingGame.Shared\MemoryMatchingGame.Shared.projitems*{da80ab79-2e86-4b33-abe5-4727467dfe17}*SharedItemsImports = 5
	EndGlobalSection
EndGlobal
